
Microsoft Visual Studio Solution File, Format Version 12.00
# Visual Studio Version 16
VisualStudioVersion = 16.0.32901.82
MinimumVisualStudioVersion = 10.0.40219.1
Project("{FAE04EC0-301F-11D3-BF4B-00C04F79EFBC}") = "DemoProject", "DemoProject\DemoProject.csproj", "{B3BEC2B4-4F48-4555-BE7E-753B8B6473C6}"
EndProject
Global
	GlobalSection(SolutionConfigurationPlatforms) = preSolution
		Debug|Any CPU = Debug|Any CPU
		Release|Any CPU = Release|Any CPU
	EndGlobalSection
	GlobalSection(ProjectConfigurationPlatforms) = postSolution
		{B3BEC2B4-4F48-4555-BE7E-753B8B6473C6}.Debug|Any CPU.ActiveCfg = Debug|Any CPU
		{B3BEC2B4-4F48-4555-BE7E-753B8B6473C6}.Debug|Any CPU.Build.0 = Debug|Any CPU
		{B3BEC2B4-4F48-4555-BE7E-753B8B6473C6}.Release|Any CPU.ActiveCfg = Release|Any CPU
		{B3BEC2B4-4F48-4555-BE7E-753B8B6473C6}.Release|Any CPU.Build.0 = Release|Any CPU
	EndGlobalSection
	GlobalSection(SolutionProperties) = preSolution
		HideSolutionNode = FALSE
	EndGlobalSection
	GlobalSection(ExtensibilityGlobals) = postSolution
		SolutionGuid = {4172BF28-2E02-4047-9166-0EAB7B64666D}
	EndGlobalSection
EndGlobal
